Microsoft Visual Studio Solution File, Format Version 12.00
# Visual Studio Version 17
VisualStudioVersion = 17.5.2.0
MinimumVisualStudioVersion = 10.0.40219.1
Project("{FAE04EC0-301F-11D3-BF4B-00C04F79EFBC}") = "MinimalApi.WebApi", "MinimalApi.WebApi.csproj", "{014D8B10-68AB-6BE2-A2A1-374C83080DDD}"
EndProject
Global
	GlobalSection(SolutionConfigurationPlatforms) = preSolution
		Debug|Any CPU = Debug|Any CPU
		Release|Any CPU = Release|Any CPU
	EndGlobalSection
	GlobalSection(ProjectConfigurationPlatforms) = postSolution
		{014D8B10-68AB-6BE2-A2A1-374C83080DDD}.Debug|Any CPU.ActiveCfg = Debug|Any CPU
		{014D8B10-68AB-6BE2-A2A1-374C83080DDD}.Debug|Any CPU.Build.0 = Debug|Any CPU
		{014D8B10-68AB-6BE2-A2A1-374C83080DDD}.Release|Any CPU.ActiveCfg = Release|Any CPU
		{014D8B10-68AB-6BE2-A2A1-374C83080DDD}.Release|Any CPU.Build.0 = Release|Any CPU
	EndGlobalSection
	GlobalSection(SolutionProperties) = preSolution
		HideSolutionNode = FALSE
	EndGlobalSection
	GlobalSection(ExtensibilityGlobals) = postSolution
		SolutionGuid = {A247507E-F9A3-42B3-99CB-734FCC48EC39}
	EndGlobalSection
EndGlobal
